name: Generate Composer lock

on:
  push:
    paths:
      - composer.json
      - .github/workflows/generate-lock.yml
  workflow_dispatch:

permissions:
  contents: read

jobs:
  lock:
    runs-on: ubuntu-latest
    steps:
      - uses: actions/checkout@v5
      - uses: shivammathur/setup-php@v2
        with:
          php-version: '8.4'
          tools: composer:v2
          coverage: none
      - run: composer update --no-interaction --prefer-dist --no-progress
      - uses: actions/upload-artifact@v4
        with:
          name: composer-lock
          path: composer.lock
          if-no-files-found: error
